// !$*UTF8*$!
{
	archiveVersion = 1;
	classes = {
	};
	objectVersion = 50;
	objects = {

/* Begin PBXBuildFile section */
		667420DE2095C104001705EC /* AppDelegate.swift in Sources */ = {isa = PBXBuildFile; fileRef = 667420DD2095C104001705EC /* AppDelegate.swift */; };
		667420E02095C104001705EC /* ViewController.swift in Sources */ = {isa = PBXBuildFile; fileRef = 667420DF2095C104001705EC /* ViewController.swift */; };
		667420E32095C104001705EC /* Main.storyboard in Resources */ = {isa = PBXBuildFile; fileRef = 667420E12095C104001705EC /* Main.storyboard */; };
		667420E52095C105001705EC /* Assets.xcassets in Resources */ = {isa = PBXBuildFile; fileRef = 667420E42095C105001705EC /* Assets.xcassets */; };
		667420E82095C105001705EC /* LaunchScreen.storyboard in Resources */ = {isa = PBXBuildFile; fileRef = 667420E62095C105001705EC /* LaunchScreen.storyboard */; };
		667420F32095C105001705EC /* Week5Tests.swift in Sources */ = {isa = PBXBuildFile; fileRef = 667420F22095C105001705EC /* Week5Tests.swift */; };
		667420FE2095C105001705EC /* Week5UITests.swift in Sources */ = {isa = PBXBuildFile; fileRef = 667420FD2095C105001705EC /* Week5UITests.swift */; };
/* End PBXBuildFile section */

/* Begin PBXContainerItemProxy section */
		667420EF2095C105001705EC /* PBXContainerItemProxy */ = {
			isa = PBXContainerItemProxy;
			containerPortal = 667420D22095C104001705EC /* Project object */;
			proxyType = 1;
			remoteGlobalIDString = 667420D92095C104001705EC;
			remoteInfo = Week5;
		};
		667420FA2095C105001705EC /* PBXContainerItemProxy */ = {
			isa = PBXContainerItemProxy;
			containerPortal = 667420D22095C104001705EC /* Project object */;
			proxyType = 1;
			remoteGlobalIDString = 667420D92095C104001705EC;
			remoteInfo = Week5;
		};
/* End PBXContainerItemProxy section */

/* Begin PBXFileReference section */
		667420DA2095C104001705EC /* Week5.app */ = {isa = PBXFileReference; explicitFileType = wrapper.application; includeInIndex = 0; path = Week5.app; sourceTree = BUILT_PRODUCTS_DIR; };
		667420DD2095C104001705EC /* AppDelegate.swift */ = {isa = PBXFileReference; lastKnownFileType = sourcecode.swift; path = AppDelegate.swift; sourceTree = "<group>"; };
		667420DF2095C104001705EC /* ViewController.swift */ = {isa = PBXFileReference; lastKnownFileType = sourcecode.swift; path = ViewController.swift; sourceTree = "<group>"; };
		667420E22095C104001705EC /* Base */ = {isa = PBXFileReference; lastKnownFileType = file.storyboard; name = Base; path = Base.lproj/Main.storyboard; sourceTree = "<group>"; };
		667420E42095C105001705EC /* Assets.xcassets */ = {isa = PBXFileReference; lastKnownFileType = folder.assetcatalog; path = Assets.xcassets; sourceTree = "<group>"; };
		667420E72095C105001705EC /* Base */ = {isa = PBXFileReference; lastKnownFileType = file.storyboard; name = Base; path = Base.lproj/LaunchScreen.storyboard; sourceTree = "<group>"; };
		667420E92095C105001705EC /* Info.plist */ = {isa = PBXFileReference; lastKnownFileType = text.plist.xml; path = Info.plist; sourceTree = "<group>"; };
		667420EE2095C105001705EC /* Week5Tests.xctest */ = {isa = PBXFileReference; explicitFileType = wrapper.cfbundle; includeInIndex = 0; path = Week5Tests.xctest; sourceTree = BUILT_PRODUCTS_DIR; };
		667420F22095C105001705EC /* Week5Tests.swift */ = {isa = PBXFileReference; lastKnownFileType = sourcecode.swift; path = Week5Tests.swift; sourceTree = "<group>"; };
		667420F42095C105001705EC /* Info.plist */ = {isa = PBXFileReference; lastKnownFileType = text.plist.xml; path = Info.plist; sourceTree = "<group>"; };
		667420F92095C105001705EC /* Week5UITests.xctest */ = {isa = PBXFileReference; explicitFileType = wrapper.cfbundle; includeInIndex = 0; path = Week5UITests.xctest; sourceTree = BUILT_PRODUCTS_DIR; };
		667420FD2095C105001705EC /* Week5UITests.swift */ = {isa = PBXFileReference; lastKnownFileType = sourcecode.swift; path = Week5UITests.swift; sourceTree = "<group>"; };
		667420FF2095C105001705EC /* Info.plist */ = {isa = PBXFileReference; lastKnownFileType = text.plist.xml; path = Info.plist; sourceTree = "<group>"; };
/* End PBXFileReference section */

/* Begin PBXFrameworksBuildPhase section */
		667420D72095C104001705EC /* Frameworks */ = {
			isa = PBXFrameworksBuildPhase;
			buildActionMask = 2147483647;
			files = (
			);
			runOnlyForDeploymentPostprocessing = 0;
		};
		667420EB2095C105001705EC /* Frameworks */ = {
			isa = PBXFrameworksBuildPhase;
			buildActionMask = 2147483647;
			files = (
			);
			runOnlyForDeploymentPostprocessing = 0;
		};
		667420F62095C105001705EC /* Frameworks */ = {
			isa = PBXFrameworksBuildPhase;
			buildActionMask = 2147483647;
			files = (
			);
			runOnlyForDeploymentPostprocessing = 0;
		};
/* End PBXFrameworksBuildPhase section */

/* Begin PBXGroup section */
		667420D12095C104001705EC = {
			isa = PBXGroup;
			children = (
				667420DC2095C104001705EC /* Week5 */,
				667420F12095C105001705EC /* Week5Tests */,
				667420FC2095C105001705EC /* Week5UITests */,
				667420DB2095C104001705EC /* Products */,
			);
			sourceTree = "<group>";
		};
		667420DB2095C104001705EC /* Products */ = {
			isa = PBXGroup;
			children = (
				667420DA2095C104001705EC /* Week5.app */,
				667420EE2095C105001705EC /* Week5Tests.xctest */,
				667420F92095C105001705EC /* Week5UITests.xctest */,
			);
			name = Products;
			sourceTree = "<group>";
		};
		667420DC2095C104001705EC /* Week5 */ = {
			isa = PBXGroup;
			children = (
				667420DD2095C104001705EC /* AppDelegate.swift */,
				667420DF2095C104001705EC /* ViewController.swift */,
				667420E12095C104001705EC /* Main.storyboard */,
				667420E42095C105001705EC /* Assets.xcassets */,
				667420E62095C105001705EC /* LaunchScreen.storyboard */,
				667420E92095C105001705EC /* Info.plist */,
			);
			path = Week5;
			sourceTree = "<group>";
		};
		667420F12095C105001705EC /* Week5Tests */ = {
			isa = PBXGroup;
			children = (
				667420F22095C105001705EC /* Week5Tests.swift */,
				667420F42095C105001705EC /* Info.plist */,
			);
			path = Week5Tests;
			sourceTree = "<group>";
		};
		667420FC2095C105001705EC /* Week5UITests */ = {
			isa = PBXGroup;
			children = (
				667420FD2095C105001705EC /* Week5UITests.swift */,
				667420FF2095C105001705EC /* Info.plist */,
			);
			path = Week5UITests;
			sourceTree = "<group>";
		};
/* End PBXGroup section */

/* Begin PBXNativeTarget section */
		667420D92095C104001705EC /* Week5 */ = {
			isa = PBXNativeTarget;
			buildConfigurationList = 667421022095C105001705EC /* Build configuration list for PBXNativeTarget "Week5" */;
			buildPhases = (
				667420D62095C104001705EC /* Sources */,
				667420D72095C104001705EC /* Frameworks */,
				667420D82095C104001705EC /* Resources */,
			);
			buildRules = (
			);
			dependencies = (
			);
			name = Week5;
			productName = Week5;
			productReference = 667420DA2095C104001705EC /* Week5.app */;
			productType = "com.apple.product-type.application";
		};
		667420ED2095C105001705EC /* Week5Tests */ = {
			isa = PBXNativeTarget;
			buildConfigurationList = 667421052095C105001705EC /* Build configuration list for PBXNativeTarget "Week5Tests" */;
			buildPhases = (
				667420EA2095C105001705EC /* Sources */,
				667420EB2095C105001705EC /* Frameworks */,
				667420EC2095C105001705EC /* Resources */,
			);
			buildRules = (
			);
			dependencies = (
				667420F02095C105001705EC /* PBXTargetDependency */,
			);
			name = Week5Tests;
			productName = Week5Tests;
			productReference = 667420EE2095C105001705EC /* Week5Tests.xctest */;
			productType = "com.apple.product-type.bundle.unit-test";
		};
		667420F82095C105001705EC /* Week5UITests */ = {
			isa = PBXNativeTarget;
			buildConfigurationList = 667421082095C105001705EC /* Build configuration list for PBXNativeTarget "Week5UITests" */;
			buildPhases = (
				667420F52095C105001705EC /* Sources */,
				667420F62095C105001705EC /* Frameworks */,
				667420F72095C105001705EC /* Resources */,
			);
			buildRules = (
			);
			dependencies = (
				667420FB2095C105001705EC /* PBXTargetDependency */,
			);
			name = Week5UITests;
			productName = Week5UITests;
			productReference = 667420F92095C105001705EC /* Week5UITests.xctest */;
			productType = "com.apple.product-type.bundle.ui-testing";
		};
/* End PBXNativeTarget section */

/* Begin PBXProject section */
		667420D22095C104001705EC /* Project object */ = {
			isa = PBXProject;
			attributes = {
				LastSwiftUpdateCheck = 0930;
				LastUpgradeCheck = 0930;
				ORGANIZATIONNAME = "Deakin University";
				TargetAttributes = {
					667420D92095C104001705EC = {
						CreatedOnToolsVersion = 9.3;
					};
					667420ED2095C105001705EC = {
						CreatedOnToolsVersion = 9.3;
						TestTargetID = 667420D92095C104001705EC;
					};
					667420F82095C105001705EC = {
						CreatedOnToolsVersion = 9.3;
						TestTargetID = 667420D92095C104001705EC;
					};
				};
			};
			buildConfigurationList = 667420D52095C104001705EC /* Build configuration list for PBXProject "Week5" */;
			compatibilityVersion = "Xcode 9.3";
			developmentRegion = en;
			hasScannedForEncodings = 0;
			knownRegions = (
				en,
				Base,
			);
			mainGroup = 667420D12095C104001705EC;
			productRefGroup = 667420DB2095C104001705EC /* Products */;
			projectDirPath = "";
			projectRoot = "";
			targets = (
				667420D92095C104001705EC /* Week5 */,
				667420ED2095C105001705EC /* Week5Tests */,
				667420F82095C105001705EC /* Week5UITests */,
			);
		};
/* End PBXProject section */

/* Begin PBXResourcesBuildPhase section */
		667420D82095C104001705EC /* Resources */ = {
			isa = PBXResourcesBuildPhase;
			buildActionMask = 2147483647;
			files = (
				667420E82095C105001705EC /* LaunchScreen.storyboard in Resources */,
				667420E52095C105001705EC /* Assets.xcassets in Resources */,
				667420E32095C104001705EC /* Main.storyboard in Resources */,
			);
			runOnlyForDeploymentPostprocessing = 0;
		};
		667420EC2095C105001705EC /* Resources */ = {
			isa = PBXResourcesBuildPhase;
			buildActionMask = 2147483647;
			files = (
			);
			runOnlyForDeploymentPostprocessing = 0;
		};
		667420F72095C105001705EC /* Resources */ = {
			isa = PBXResourcesBuildPhase;
			buildActionMask = 2147483647;
			files = (
			);
			runOnlyForDeploymentPostprocessing = 0;
		};
/* End PBXResourcesBuildPhase section */

/* Begin PBXSourcesBuildPhase section */
		667420D62095C104001705EC /* Sources */ = {
			isa = PBXSourcesBuildPhase;
			buildActionMask = 2147483647;
			files = (
				667420E02095C104001705EC /* ViewController.swift in Sources */,
				667420DE2095C104001705EC /* AppDelegate.swift in Sources */,
			);
			runOnlyForDeploymentPostprocessing = 0;
		};
		667420EA2095C105001705EC /* Sources */ = {
			isa = PBXSourcesBuildPhase;
			buildActionMask = 2147483647;
			files = (
				667420F32095C105001705EC /* Week5Tests.swift in Sources */,
			);
			runOnlyForDeploymentPostprocessing = 0;
		};
		667420F52095C105001705EC /* Sources */ = {
			isa = PBXSourcesBuildPhase;
			buildActionMask = 2147483647;
			files = (
				667420FE2095C105001705EC /* Week5UITests.swift in Sources */,
			);
			runOnlyForDeploymentPostprocessing = 0;
		};
/* End PBXSourcesBuildPhase section */

/* Begin PBXTargetDependency section */
		667420F02095C105001705EC /* PBXTargetDependency */ = {
			isa = PBXTargetDependency;
			target = 667420D92095C104001705EC /* Week5 */;
			targetProxy = 667420EF2095C105001705EC /* PBXContainerItemProxy */;
		};
		667420FB2095C105001705EC /* PBXTargetDependency */ = {
			isa = PBXTargetDependency;
			target = 667420D92095C104001705EC /* Week5 */;
			targetProxy = 667420FA2095C105001705EC /* PBXContainerItemProxy */;
		};
/* End PBXTargetDependency section */

/* Begin PBXVariantGroup section */
		667420E12095C104001705EC /* Main.storyboard */ = {
			isa = PBXVariantGroup;
			children = (
				667420E22095C104001705EC /* Base */,
			);
			name = Main.storyboard;
			sourceTree = "<group>";
		};
		667420E62095C105001705EC /* LaunchScreen.storyboard */ = {
			isa = PBXVariantGroup;
			children = (
				667420E72095C105001705EC /* Base */,
			);
			name = LaunchScreen.storyboard;
			sourceTree = "<group>";
		};
/* End PBXVariantGroup section */

/* Begin XCBuildConfiguration section */
		667421002095C105001705EC /* Debug */ = {
			isa = XCBuildConfiguration;
			buildSettings = {
				ALWAYS_SEARCH_USER_PATHS = NO;
				CLANG_ANALYZER_NONNULL = YES;
				CLANG_ANALYZER_NUMBER_OBJECT_CONVERSION = YES_AGGRESSIVE;
				CLANG_CXX_LANGUAGE_STANDARD = "gnu++14";
				CLANG_CXX_LIBRARY = "libc++";
				CLANG_ENABLE_MODULES = YES;
				CLANG_ENABLE_OBJC_ARC = YES;
				CLANG_ENABLE_OBJC_WEAK = YES;
				CLANG_WARN_BLOCK_CAPTURE_AUTORELEASING = YES;
				CLANG_WARN_BOOL_CONVERSION = YES;
				CLANG_WARN_COMMA = YES;
				CLANG_WARN_CONSTANT_CONVERSION = YES;
				CLANG_WARN_DEPRECATED_OBJC_IMPLEMENTATIONS = YES;
				CLANG_WARN_DIRECT_OBJC_ISA_USAGE = YES_ERROR;
				CLANG_WARN_DOCUMENTATION_COMMENTS = YES;
				CLANG_WARN_EMPTY_BODY = YES;
				CLANG_WARN_ENUM_CONVERSION = YES;
				CLANG_WARN_INFINITE_RECURSION = YES;
				CLANG_WARN_INT_CONVERSION = YES;
				CLANG_WARN_NON_LITERAL_NULL_CONVERSION = YES;
				CLANG_WARN_OBJC_IMPLICIT_RETAIN_SELF = YES;
				CLANG_WARN_OBJC_LITERAL_CONVERSION = YES;
				CLANG_WARN_OBJC_ROOT_CLASS = YES_ERROR;
				CLANG_WARN_RANGE_LOOP_ANALYSIS = YES;
				CLANG_WARN_STRICT_PROTOTYPES = YES;
				CLANG_WARN_SUSPICIOUS_MOVE = YES;
				CLANG_WARN_UNGUARDED_AVAILABILITY = YES_AGGRESSIVE;
				CLANG_WARN_UNREACHABLE_CODE = YES;
				CLANG_WARN__DUPLICATE_METHOD_MATCH = YES;
				CODE_SIGN_IDENTITY = "iPhone Developer";
				COPY_PHASE_STRIP = NO;
				DEBUG_INFORMATION_FORMAT = dwarf;
				ENABLE_STRICT_OBJC_MSGSEND = YES;
				ENABLE_TESTABILITY = YES;
				GCC_C_LANGUAGE_STANDARD = gnu11;
				GCC_DYNAMIC_NO_PIC = NO;
				GCC_NO_COMMON_BLOCKS = YES;
				GCC_OPTIMIZATION_LEVEL = 0;
				GCC_PREPROCESSOR_DEFINITIONS = (
					"DEBUG=1",
					"$(inherited)",
				);
				GCC_WARN_64_TO_32_BIT_CONVERSION = YES;
				GCC_WARN_ABOUT_RETURN_TYPE = YES_ERROR;
				GCC_WARN_UNDECLARED_SELECTOR = YES;
				GCC_WARN_UNINITIALIZED_AUTOS = YES_AGGRESSIVE;
				GCC_WARN_UNUSED_FUNCTION = YES;
				GCC_WARN_UNUSED_VARIABLE = YES;
				IPHONEOS_DEPLOYMENT_TARGET = 11.3;
				MTL_ENABLE_DEBUG_INFO = YES;
				ONLY_ACTIVE_ARCH = YES;
				SDKROOT = iphoneos;
				SWIFT_ACTIVE_COMPILATION_CONDITIONS = DEBUG;
				SWIFT_OPTIMIZATION_LEVEL = "-Onone";
			};
			name = Debug;
		};
		667421012095C105001705EC /* Release */ = {
			isa = XCBuildConfiguration;
			buildSettings = {
				ALWAYS_SEARCH_USER_PATHS = NO;
				CLANG_ANALYZER_NONNULL = YES;
				CLANG_ANALYZER_NUMBER_OBJECT_CONVERSION = YES_AGGRESSIVE;
				CLANG_CXX_LANGUAGE_STANDARD = "gnu++14";
				CLANG_CXX_LIBRARY = "libc++";
				CLANG_ENABLE_MODULES = YES;
				CLANG_ENABLE_OBJC_ARC = YES;
				CLANG_ENABLE_OBJC_WEAK = YES;
				CLANG_WARN_BLOCK_CAPTURE_AUTORELEASING = YES;
				CLANG_WARN_BOOL_CONVERSION = YES;
				CLANG_WARN_COMMA = YES;
				CLANG_WARN_CONSTANT_CONVERSION = YES;
				CLANG_WARN_DEPRECATED_OBJC_IMPLEMENTATIONS = YES;
				CLANG_WARN_DIRECT_OBJC_ISA_USAGE = YES_ERROR;
				CLANG_WARN_DOCUMENTATION_COMMENTS = YES;
				CLANG_WARN_EMPTY_BODY = YES;
				CLANG_WARN_ENUM_CONVERSION = YES;
				CLANG_WARN_INFINITE_RECURSION = YES;
				CLANG_WARN_INT_CONVERSION = YES;
				CLANG_WARN_NON_LITERAL_NULL_CONVERSION = YES;
				CLANG_WARN_OBJC_IMPLICIT_RETAIN_SELF = YES;
				CLANG_WARN_OBJC_LITERAL_CONVERSION = YES;
				CLANG_WARN_OBJC_ROOT_CLASS = YES_ERROR;
				CLANG_WARN_RANGE_LOOP_ANALYSIS = YES;
				CLANG_WARN_STRICT_PROTOTYPES = YES;
				CLANG_WARN_SUSPICIOUS_MOVE = YES;
				CLANG_WARN_UNGUARDED_AVAILABILITY = YES_AGGRESSIVE;
				CLANG_WARN_UNREACHABLE_CODE = YES;
				CLANG_WARN__DUPLICATE_METHOD_MATCH = YES;
				CODE_SIGN_IDENTITY = "iPhone Developer";
				COPY_PHASE_STRIP = NO;
				DEBUG_INFORMATION_FORMAT = "dwarf-with-dsym";
				ENABLE_NS_ASSERTIONS = NO;
				ENABLE_STRICT_OBJC_MSGSEND = YES;
				GCC_C_LANGUAGE_STANDARD = gnu11;
				GCC_NO_COMMON_BLOCKS = YES;
				GCC_WARN_64_TO_32_BIT_CONVERSION = YES;
				GCC_WARN_ABOUT_RETURN_TYPE = YES_ERROR;
				GCC_WARN_UNDECLARED_SELECTOR = YES;
				GCC_WARN_UNINITIALIZED_AUTOS = YES_AGGRESSIVE;
				GCC_WARN_UNUSED_FUNCTION = YES;
				GCC_WARN_UNUSED_VARIABLE = YES;
				IPHONEOS_DEPLOYMENT_TARGET = 11.3;
				MTL_ENABLE_DEBUG_INFO = NO;
				SDKROOT = iphoneos;
				SWIFT_COMPILATION_MODE = wholemodule;
				SWIFT_OPTIMIZATION_LEVEL = "-O";
				VALIDATE_PRODUCT = YES;
			};
			name = Release;
		};
		667421032095C105001705EC /* Debug */ = {
			isa = XCBuildConfiguration;
			buildSettings = {
				ASSETCATALOG_COMPILER_APPICON_NAME = AppIcon;
				CODE_SIGN_STYLE = Automatic;
				DEVELOPMENT_TEAM = 24SM6522LU;
				INFOPLIST_FILE = Week5/Info.plist;
				LD_RUNPATH_SEARCH_PATHS = (
					"$(inherited)",
					"@executable_path/Frameworks",
				);
				PRODUCT_BUNDLE_IDENTIFIER = Deakin.Week5;
				PRODUCT_NAME = "$(TARGET_NAME)";
				SWIFT_VERSION = 4.0;
				TARGETED_DEVICE_FAMILY = "1,2";
			};
			name = Debug;
		};
		667421042095C105001705EC /* Release */ = {
			isa = XCBuildConfiguration;
			buildSettings = {
				ASSETCATALOG_COMPILER_APPICON_NAME = AppIcon;
				CODE_SIGN_STYLE = Automatic;
				DEVELOPMENT_TEAM = 24SM6522LU;
				INFOPLIST_FILE = Week5/Info.plist;
				LD_RUNPATH_SEARCH_PATHS = (
					"$(inherited)",
					"@executable_path/Frameworks",
				);
				PRODUCT_BUNDLE_IDENTIFIER = Deakin.Week5;
				PRODUCT_NAME = "$(TARGET_NAME)";
				SWIFT_VERSION = 4.0;
				TARGETED_DEVICE_FAMILY = "1,2";
			};
			name = Release;
		};
		667421062095C105001705EC /* Debug */ = {
			isa = XCBuildConfiguration;
			buildSettings = {
				ALWAYS_EMBED_SWIFT_STANDARD_LIBRARIES = YES;
				BUNDLE_LOADER = "$(TEST_HOST)";
				CODE_SIGN_STYLE = Automatic;
				DEVELOPMENT_TEAM = 24SM6522LU;
				INFOPLIST_FILE = Week5Tests/Info.plist;
				LD_RUNPATH_SEARCH_PATHS = (
					"$(inherited)",
					"@executable_path/Frameworks",
					"@loader_path/Frameworks",
				);
				PRODUCT_BUNDLE_IDENTIFIER = Deakin.Week5Tests;
				PRODUCT_NAME = "$(TARGET_NAME)";
				SWIFT_VERSION = 4.0;
				TARGETED_DEVICE_FAMILY = "1,2";
				TEST_HOST = "$(BUILT_PRODUCTS_DIR)/Week5.app/Week5";
			};
			name = Debug;
		};
		667421072095C105001705EC /* Release */ = {
			isa = XCBuildConfiguration;
			buildSettings = {
				ALWAYS_EMBED_SWIFT_STANDARD_LIBRARIES = YES;
				BUNDLE_LOADER = "$(TEST_HOST)";
				CODE_SIGN_STYLE = Automatic;
				DEVELOPMENT_TEAM = 24SM6522LU;
				INFOPLIST_FILE = Week5Tests/Info.plist;
				LD_RUNPATH_SEARCH_PATHS = (
					"$(inherited)",
					"@executable_path/Frameworks",
					"@loader_path/Frameworks",
				);
				PRODUCT_BUNDLE_IDENTIFIER = Deakin.Week5Tests;
				PRODUCT_NAME = "$(TARGET_NAME)";
				SWIFT_VERSION = 4.0;
				TARGETED_DEVICE_FAMILY = "1,2";
				TEST_HOST = "$(BUILT_PRODUCTS_DIR)/Week5.app/Week5";
			};
			name = Release;
		};
		667421092095C105001705EC /* Debug */ = {
			isa = XCBuildConfiguration;
			buildSettings = {
				ALWAYS_EMBED_SWIFT_STANDARD_LIBRARIES = YES;
				CODE_SIGN_STYLE = Automatic;
				DEVELOPMENT_TEAM = 24SM6522LU;
				INFOPLIST_FILE = Week5UITests/Info.plist;
				LD_RUNPATH_SEARCH_PATHS = (
					"$(inherited)",
					"@executable_path/Frameworks",
					"@loader_path/Frameworks",
				);
				PRODUCT_BUNDLE_IDENTIFIER = Deakin.Week5UITests;
				PRODUCT_NAME = "$(TARGET_NAME)";
				SWIFT_VERSION = 4.0;
				TARGETED_DEVICE_FAMILY = "1,2";
				TEST_TARGET_NAME = Week5;
			};
			name = Debug;
		};
		6674210A2095C105001705EC /* Release */ = {
			isa = XCBuildConfiguration;
			buildSettings = {
				ALWAYS_EMBED_SWIFT_STANDARD_LIBRARIES = YES;
				CODE_SIGN_STYLE = Automatic;
				DEVELOPMENT_TEAM = 24SM6522LU;
				INFOPLIST_FILE = Week5UITests/Info.plist;
				LD_RUNPATH_SEARCH_PATHS = (
					"$(inherited)",
					"@executable_path/Frameworks",
					"@loader_path/Frameworks",
				);
				PRODUCT_BUNDLE_IDENTIFIER = Deakin.Week5UITests;
				PRODUCT_NAME = "$(TARGET_NAME)";
				SWIFT_VERSION = 4.0;
				TARGETED_DEVICE_FAMILY = "1,2";
				TEST_TARGET_NAME = Week5;
			};
			name = Release;
		};
/* End XCBuildConfiguration section */

/* Begin XCConfigurationList section */
		667420D52095C104001705EC /* Build configuration list for PBXProject "Week5" */ = {
			isa = XCConfigurationList;
			buildConfigurations = (
				667421002095C105001705EC /* Debug */,
				667421012095C105001705EC /* Release */,
			);
			defaultConfigurationIsVisible = 0;
			defaultConfigurationName = Release;
		};
		667421022095C105001705EC /* Build configuration list for PBXNativeTarget "Week5" */ = {
			isa = XCConfigurationList;
			buildConfigurations = (
				667421032095C105001705EC /* Debug */,
				667421042095C105001705EC /* Release */,
			);
			defaultConfigurationIsVisible = 0;
			defaultConfigurationName = Release;
		};
		667421052095C105001705EC /* Build configuration list for PBXNativeTarget "Week5Tests" */ = {
			isa = XCConfigurationList;
			buildConfigurations = (
				667421062095C105001705EC /* Debug */,
				667421072095C105001705EC /* Release */,
			);
			defaultConfigurationIsVisible = 0;
			defaultConfigurationName = Release;
		};
		667421082095C105001705EC /* Build configuration list for PBXNativeTarget "Week5UITests" */ = {
			isa = XCConfigurationList;
			buildConfigurations = (
				667421092095C105001705EC /* Debug */,
				6674210A2095C105001705EC /* Release */,
			);
			defaultConfigurationIsVisible = 0;
			defaultConfigurationName = Release;
		};
/* End XCConfigurationList section */
	};
	rootObject = 667420D22095C104001705EC /* Project object */;
}
